
Microsoft Visual Studio Solution File, Format Version 12.00
# Visual Studio Version 16
VisualStudioVersion = 16.0.30001.183
MinimumVisualStudioVersion = 10.0.40219.1
Project("{9A19103F-16F7-4668-BE54-9A1E7A4F7556}") = "St8-ment", "St8-ment\St8-ment.csproj", "{231CED9C-2758-4E30-8743-6371DF8FDDCB}"
EndProject
Project("{9A19103F-16F7-4668-BE54-9A1E7A4F7556}") = "St8-ment.DependencyInjection", "St8-ment.DependencyInjection\St8-ment.DependencyInjection.csproj", "{EC004E00-CFD3-4174-80DB-6AB9AD061C43}"
EndProject
Project("{9A19103F-16F7-4668-BE54-9A1E7A4F7556}") = "St8-ment.Example.Console", "St8-ment.Example.Console\St8-ment.Example.Console.csproj", "{8493879E-48EF-49CD-B137-86350C2FCC3E}"
EndProject
Project("{FAE04EC0-301F-11D3-BF4B-00C04F79EFBC}") = "St8-ment.Tests", "St8-ment.Tests\St8-ment.Tests.csproj", "{BA8137F9-003F-4152-B561-89BEADF23563}"
EndProject
Global
	GlobalSection(SolutionConfigurationPlatforms) = preSolution
		Debug|Any CPU = Debug|Any CPU
		Release|Any CPU = Release|Any CPU
	EndGlobalSection
	GlobalSection(ProjectConfigurationPlatforms) = postSolution
		{231CED9C-2758-4E30-8743-6371DF8FDDCB}.Debug|Any CPU.ActiveCfg = Debug|Any CPU
		{231CED9C-2758-4E30-8743-6371DF8FDDCB}.Debug|Any CPU.Build.0 = Debug|Any CPU
		{231CED9C-2758-4E30-8743-6371DF8FDDCB}.Release|Any CPU.ActiveCfg = Release|Any CPU
		{231CED9C-2758-4E30-8743-6371DF8FDDCB}.Release|Any CPU.Build.0 = Release|Any CPU
		{EC004E00-CFD3-4174-80DB-6AB9AD061C43}.Debug|Any CPU.ActiveCfg = Debug|Any CPU
		{EC004E00-CFD3-4174-80DB-6AB9AD061C43}.Debug|Any CPU.Build.0 = Debug|Any CPU
		{EC004E00-CFD3-4174-80DB-6AB9AD061C43}.Release|Any CPU.ActiveCfg = Release|Any CPU
		{EC004E00-CFD3-4174-80DB-6AB9AD061C43}.Release|Any CPU.Build.0 = Release|Any CPU
		{8493879E-48EF-49CD-B137-86350C2FCC3E}.Debug|Any CPU.ActiveCfg = Debug|Any CPU
		{8493879E-48EF-49CD-B137-86350C2FCC3E}.Debug|Any CPU.Build.0 = Debug|Any CPU
		{8493879E-48EF-49CD-B137-86350C2FCC3E}.Release|Any CPU.ActiveCfg = Release|Any CPU
		{8493879E-48EF-49CD-B137-86350C2FCC3E}.Release|Any CPU.Build.0 = Release|Any CPU
		{BA8137F9-003F-4152-B561-89BEADF23563}.Debug|Any CPU.ActiveCfg = Debug|Any CPU
		{BA8137F9-003F-4152-B561-89BEADF23563}.Debug|Any CPU.Build.0 = Debug|Any CPU
		{BA8137F9-003F-4152-B561-89BEADF23563}.Release|Any CPU.ActiveCfg = Release|Any CPU
		{BA8137F9-003F-4152-B561-89BEADF23563}.Release|Any CPU.Build.0 = Release|Any CPU
	EndGlobalSection
	GlobalSection(SolutionProperties) = preSolution
		HideSolutionNode = FALSE
	EndGlobalSection
	GlobalSection(ExtensibilityGlobals) = postSolution
		SolutionGuid = {3FF52DD7-3771-47D8-A22D-B5BE4D2A4E77}
	EndGlobalSection
EndGlobal
